
Microsoft Visual Studio Solution File, Format Version 12.00
# Visual Studio 15
VisualStudioVersion = 15.0.28307.1145
MinimumVisualStudioVersion = 10.0.40219.1
Project("{FAE04EC0-301F-11D3-BF4B-00C04F79EFBC}") = "AirSystem", "AirSystem\AirSystem.csproj", "{ACC08782-DD2C-4CBA-8480-4270BF98C202}"
EndProject
Global
	GlobalSection(SolutionConfigurationPlatforms) = preSolution
		Debug|Any CPU = Debug|Any CPU
		Release|Any CPU = Release|Any CPU
	EndGlobalSection
	GlobalSection(ProjectConfigurationPlatforms) = postSolution
		{ACC08782-DD2C-4CBA-8480-4270BF98C202}.Debug|Any CPU.ActiveCfg = Debug|Any CPU
		{ACC08782-DD2C-4CBA-8480-4270BF98C202}.Debug|Any CPU.Build.0 = Debug|Any CPU
		{ACC08782-DD2C-4CBA-8480-4270BF98C202}.Release|Any CPU.ActiveCfg = Release|Any CPU
		{ACC08782-DD2C-4CBA-8480-4270BF98C202}.Release|Any CPU.Build.0 = Release|Any CPU
	EndGlobalSection
	GlobalSection(SolutionProperties) = preSolution
		HideSolutionNode = FALSE
	EndGlobalSection
	GlobalSection(ExtensibilityGlobals) = postSolution
		SolutionGuid = {2C3333A4-776D-405B-ADEF-6BBA487F5634}
	EndGlobalSection
EndGlobal
